
Microsoft Visual Studio Solution File, Format Version 12.00
# Visual Studio Version 17
VisualStudioVersion = 17.5.33209.295
MinimumVisualStudioVersion = 10.0.40219.1
Project("{9A19103F-16F7-4668-BE54-9A1E7A4F7556}") = "WeatherLink", "azureFunction\WeatherLink\WeatherLink.csproj", "{1B3932A6-D69A-4E1C-A2FA-D0509864FEE2}"
EndProject
Global
	GlobalSection(SolutionConfigurationPlatforms) = preSolution
		Debug|Any CPU = Debug|Any CPU
		Release|Any CPU = Release|Any CPU
	EndGlobalSection
	GlobalSection(ProjectConfigurationPlatforms) = postSolution
		{1B3932A6-D69A-4E1C-A2FA-D0509864FEE2}.Debug|Any CPU.ActiveCfg = Debug|Any CPU
		{1B3932A6-D69A-4E1C-A2FA-D0509864FEE2}.Debug|Any CPU.Build.0 = Debug|Any CPU
		{1B3932A6-D69A-4E1C-A2FA-D0509864FEE2}.Release|Any CPU.ActiveCfg = Release|Any CPU
		{1B3932A6-D69A-4E1C-A2FA-D0509864FEE2}.Release|Any CPU.Build.0 = Release|Any CPU
	EndGlobalSection
	GlobalSection(SolutionProperties) = preSolution
		HideSolutionNode = FALSE
	EndGlobalSection
	GlobalSection(ExtensibilityGlobals) = postSolution
		SolutionGuid = {4A3892E3-46DD-4E81-AA04-D7A67B2629CC}
	EndGlobalSection
EndGlobal
